# THIS IS AN AUTOGENERATED FILE. DO NOT EDIT THIS FILE DIRECTLY.
# yarn lockfile v1


"@aws-crypto/ie11-detection@^1.0.0":
  version "1.0.0"
  resolved "https://registry.yarnpkg.com/@aws-crypto/ie11-detection/-/ie11-detection-1.0.0.tgz#d3a6af29ba7f15458f79c41d1cd8cac3925e726a"
  integrity sha512-kCKVhCF1oDxFYgQrxXmIrS5oaWulkvRcPz+QBDMsUr2crbF4VGgGT6+uQhSwJFdUAQ2A//Vq+uT83eJrkzFgXA==
  dependencies:
    tslib "^1.11.1"

"@aws-crypto/sha256-browser@^1.0.0":
  version "1.2.2"
  resolved "https://registry.yarnpkg.com/@aws-crypto/sha256-browser/-/sha256-browser-1.2.2.tgz#004d806e3bbae130046c259ec3279a02d4a0b576"
  integrity sha512-0tNR4kBtJp+9S0kis4+JLab3eg6QWuIeuPhzaYoYwNUXGBgsWIkktA2mnilet+EGWzf3n1zknJXC4X4DVyyXbg==
  dependencies:
    "@aws-crypto/ie11-detection" "^1.0.0"
    "@aws-crypto/sha256-js" "^1.2.2"
    "@aws-crypto/supports-web-crypto" "^1.0.0"
    "@aws-crypto/util" "^1.2.2"
    "@aws-sdk/types" "^3.1.0"
    "@aws-sdk/util-locate-window" "^3.0.0"
    tslib "^1.11.1"

"@aws-crypto/sha256-js@^1.0.0", "@aws-crypto/sha256-js@^1.2.2":
  version "1.2.2"
  resolved "https://registry.yarnpkg.com/@aws-crypto/sha256-js/-/sha256-js-1.2.2.tgz#02acd1a1fda92896fc5a28ec7c6e164644ea32fc"
  integrity sha512-Nr1QJIbW/afYYGzYvrF70LtaHrIRtd4TNAglX8BvlfxJLZ45SAmueIKYl5tWoNBPzp65ymXGFK0Bb1vZUpuc9g==
  dependencies:
    "@aws-crypto/util" "^1.2.2"
    "@aws-sdk/types" "^3.1.0"
    tslib "^1.11.1"

"@aws-crypto/supports-web-crypto@^1.0.0":
  version "1.0.0"
  resolved "https://registry.yarnpkg.com/@aws-crypto/supports-web-crypto/-/supports-web-crypto-1.0.0.tgz#c40901bc17ac1e875e248df16a2b47ad8bfd9a93"
  integrity sha512-IHLfv+WmVH89EW4n6a5eE8/hUlz6qkWGMn/v4r5ZgzcXdTC5nolii2z3k46y01hWRiC2PPhOdeSLzMUCUMco7g==
  dependencies:
    tslib "^1.11.1"

"@aws-crypto/util@^1.2.2":
  version "1.2.2"
  resolved "https://registry.yarnpkg.com/@aws-crypto/util/-/util-1.2.2.tgz#b28f7897730eb6538b21c18bd4de22d0ea09003c"
  integrity sha512-H8PjG5WJ4wz0UXAFXeJjWCW1vkvIJ3qUUD+rGRwJ2/hj+xT58Qle2MTql/2MGzkU+1JLAFuR6aJpLAjHwhmwwg==
  dependencies:
    "@aws-sdk/types" "^3.1.0"
    "@aws-sdk/util-utf8-browser" "^3.0.0"
    tslib "^1.11.1"

"@aws-sdk/abort-controller@3.0.0":
  version "3.0.0"
  resolved "https://registry.yarnpkg.com/@aws-sdk/abort-controller/-/abort-controller-3.0.0.tgz#3929333d8ddec28e383e739baac891c288c5412a"
  integrity sha512-vNLvkOp4CRovVvm7OGOTiQYnpRK3EgrP0fVOjVHEqo3Qep3u2JJi/Ifo931K/Yd7cWlbtLbttqguGBCPcWWlgw==
  dependencies:
    tslib "^1.8.0"

"@aws-sdk/client-wafv2@3.0.0":
  version "3.0.0"
  resolved "https://registry.yarnpkg.com/@aws-sdk/client-wafv2/-/client-wafv2-3.0.0.tgz#9aa76a917eff59dd57710a13c0b2ea4fccdd4af8"
  integrity sha512-O8oBvHe2LWCWUNikS4Vs0aq7iGY4bzKS3+olsHSLZ3UMdf41APgM5wq4LJkL+JE6Cr0qJFFC6Mrdovx+JRGUoA==
  dependencies:
    "@aws-crypto/sha256-browser" "^1.0.0"
    "@aws-crypto/sha256-js" "^1.0.0"
    "@aws-sdk/config-resolver" "3.0.0"
    "@aws-sdk/credential-provider-node" "3.0.0"
    "@aws-sdk/fetch-http-handler" "3.0.0"
    "@aws-sdk/hash-node" "3.0.0"
    "@aws-sdk/invalid-dependency" "3.0.0"
    "@aws-sdk/middleware-content-length" "3.0.0"
    "@aws-sdk/middleware-host-header" "3.0.0"
    "@aws-sdk/middleware-logger" "3.0.0"
    "@aws-sdk/middleware-retry" "3.0.0"
    "@aws-sdk/middleware-serde" "3.0.0"
    "@aws-sdk/middleware-signing" "3.0.0"
    "@aws-sdk/middleware-stack" "3.0.0"
    "@aws-sdk/middleware-user-agent" "3.0.0"
    "@aws-sdk/node-config-provider" "3.0.0"
    "@aws-sdk/node-http-handler" "3.0.0"
    "@aws-sdk/protocol-http" "3.0.0"
    "@aws-sdk/smithy-client" "3.0.0"
    "@aws-sdk/url-parser-browser" "3.0.0"
    "@aws-sdk/url-parser-node" "3.0.0"
    "@aws-sdk/util-base64-browser" "3.0.0"
    "@aws-sdk/util-base64-node" "3.0.0"
    "@aws-sdk/util-body-length-browser" "3.0.0"
    "@aws-sdk/util-body-length-node" "3.0.0"
    "@aws-sdk/util-user-agent-browser" "3.0.0"
    "@aws-sdk/util-user-agent-node" "3.0.0"
    "@aws-sdk/util-utf8-browser" "3.0.0"
    "@aws-sdk/util-utf8-node" "3.0.0"
    tslib "^2.0.0"

"@aws-sdk/config-resolver@3.0.0":
  version "3.0.0"
  resolved "https://registry.yarnpkg.com/@aws-sdk/config-resolver/-/config-resolver-3.0.0.tgz#60ed3cc7bda1ac3a6c0b79c44ea99e370cdc0038"
  integrity sha512-UGLud2uYwN1XOXX0xzSLoCcTrOkBIKIo1Ls0mN0dEryAQlFr2plR52Ze8OdjojXt49ZIrmb4WmPNFfszjwmkdA==
  dependencies:
    "@aws-sdk/signature-v4" "3.0.0"
    tslib "^1.8.0"

"@aws-sdk/credential-provider-env@3.0.0":
  version "3.0.0"
  resolved "https://registry.yarnpkg.com/@aws-sdk/credential-provider-env/-/credential-provider-env-3.0.0.tgz#8b5bbf1fd5d4cfd012caae7dca54a797c0d714c3"
  integrity sha512-LzV08Cvwipfrf3POdKENFFN+0Gc1d/tlS+mJoym81yULUb8HE9RDGic5uvzRuv1ylWm2X/uAEtQjPlbzl3Tatg==
  dependencies:
    "@aws-sdk/property-provider" "3.0.0"
    tslib "^1.8.0"

"@aws-sdk/credential-provider-imds@3.0.0":
  version "3.0.0"
  resolved "https://registry.yarnpkg.com/@aws-sdk/credential-provider-imds/-/credential-provider-imds-3.0.0.tgz#cadeb85141eb0a7c7608ed83a994129c1321aad5"
  integrity sha512-6lKQ1Z+c0VZgd1QILiRKY/28/vwG1IeSAX1NIDR8wFacbo8y+2b9dGg40fjw2MwSBPOyMHE3hkNJJ1BZrHZpSg==
  dependencies:
    "@aws-sdk/property-provider" "3.0.0"
    tslib "^1.8.0"

"@aws-sdk/credential-provider-ini@3.0.0":
  version "3.0.0"
  resolved "https://registry.yarnpkg.com/@aws-sdk/credential-provider-ini/-/credential-provider-ini-3.0.0.tgz#b054c1d3394d52285cf7eec59a86b32737fd6edb"
  integrity sha512-/M4MxULEPQtUqTrYB825ZVnwWdrrgVB9WmbPl9Zo8urmEDRN5+iPhYpCClpbbb02Y5KXdfa3sl5VZYny190E7A==
  dependencies:
    "@aws-sdk/property-provider" "3.0.0"
    "@aws-sdk/shared-ini-file-loader" "3.0.0"
    tslib "^1.8.0"

"@aws-sdk/credential-provider-node@3.0.0":
  version "3.0.0"
  resolved "https://registry.yarnpkg.com/@aws-sdk/credential-provider-node/-/credential-provider-node-3.0.0.tgz#7e2febc1e08500bee91f4f1178b8fb6dd04a36c5"
  integrity sha512-NUvIWY5+K5nb5KxZFFvUkKtL33QwaQ78S43nhR5u/kMwCuB0Bbzzcpqtz+zcsMkZNNUtNOwMeZnP/4RiXuohbA==
  dependencies:
    "@aws-sdk/credential-provider-env" "3.0.0"
    "@aws-sdk/credential-provider-imds" "3.0.0"
    "@aws-sdk/credential-provider-ini" "3.0.0"
    "@aws-sdk/credential-provider-process" "3.0.0"
    "@aws-sdk/property-provider" "3.0.0"
    tslib "^1.8.0"

"@aws-sdk/credential-provider-process@3.0.0":
  version "3.0.0"
  resolved "https://registry.yarnpkg.com/@aws-sdk/credential-provider-process/-/credential-provider-process-3.0.0.tgz#a6c1d0d96de31bbaa9c13e5c09101533b1cf65e2"
  integrity sha512-s5PFEufIRILR8rIvDIDqgk2nwCsqvN64j/Opj2gv2xgS6nqSWwr6oDHN67qru4haah7NQ19l7tP5oxcdVL820w==
  dependencies:
    "@aws-sdk/credential-provider-ini" "3.0.0"
    "@aws-sdk/property-provider" "3.0.0"
    "@aws-sdk/shared-ini-file-loader" "3.0.0"
    tslib "^1.8.0"

"@aws-sdk/fetch-http-handler@3.0.0":
  version "3.0.0"
  resolved "https://registry.yarnpkg.com/@aws-sdk/fetch-http-handler/-/fetch-http-handler-3.0.0.tgz#cc0cea87b6a99e1a3e1f6eade7f59f2e4b034d6c"
  integrity sha512-2UX5e2YP+tv8CujNZs4+kU9aSVhAZn8HsOPM9uWFSHoEJkLsaetCaxYOzt9swag3OYnTffpVrqh4b9N2yPnUCQ==
  dependencies:
    "@aws-sdk/protocol-http" "3.0.0"
    "@aws-sdk/querystring-builder" "3.0.0"
    "@aws-sdk/util-base64-browser" "3.0.0"
    tslib "^1.8.0"

"@aws-sdk/hash-node@3.0.0":
  version "3.0.0"
  resolved "https://registry.yarnpkg.com/@aws-sdk/hash-node/-/hash-node-3.0.0.tgz#e36cb21279fd9f76b817d3cf57fab33e926f509f"
  integrity sha512-AMKT/Tg5AmJPBA2yyERf0pA8T7+Pr9Ss1ZBYN8QGc3mLtH168uHdi85pu/5fv8+ubEO6NVyPD6MAibgWWIQ0rw==
  dependencies:
    "@aws-sdk/util-buffer-from" "3.0.0"
    tslib "^1.8.0"

"@aws-sdk/invalid-dependency@3.0.0":
  version "3.0.0"
  resolved "https://registry.yarnpkg.com/@aws-sdk/invalid-dependency/-/invalid-dependency-3.0.0.tgz#8c58f5c090b475006b7e5668745c175ac6256839"
  integrity sha512-lAP5OpkxPB0a3sscfqhFOeLaCVIUvi0zSuLdoCXfqGjl2SYgq27U9IsFM2qHjAGrg1VrqhRWxi+7XzKNnI0E+Q==
  dependencies:
    tslib "^1.8.0"

"@aws-sdk/is-array-buffer@3.0.0":
  version "3.0.0"
  resolved "https://registry.yarnpkg.com/@aws-sdk/is-array-buffer/-/is-array-buffer-3.0.0.tgz#47cf6ae9a3f67c84c5acd888163c33e59111927f"
  integrity sha512-XEDXuZKHFDlBfeFU02b1bjN5KY2+7j+owXebe9A5qGKT2istaoY0TASidibJVd2qdj38zf+e8xKXvW/Akiha2Q==
  dependencies:
    tslib "^1.8.0"

"@aws-sdk/middleware-content-length@3.0.0":
  version "3.0.0"
  resolved "https://registry.yarnpkg.com/@aws-sdk/middleware-content-length/-/middleware-content-length-3.0.0.tgz#fab76174b82ca14c6ae69ecf943e5a4463b1253f"
  integrity sha512-AVpoUMF3iBAnZ/T6F55PLjI1HfNSYlcG2dvoDkP823UrQf4J/yNgOZ5CVoz3yaz/8Lp6ZkUF+I4QnJIPNaFllg==
  dependencies:
    "@aws-sdk/protocol-http" "3.0.0"
    tslib "^1.8.0"

"@aws-sdk/middleware-host-header@3.0.0":
  version "3.0.0"
  resolved "https://registry.yarnpkg.com/@aws-sdk/middleware-host-header/-/middleware-host-header-3.0.0.tgz#3a7db5c5587ae72065f4cd63135e5d888ad3ca99"
  integrity sha512-/SjdWI/45aWvOPu8fV+7POpSK/ujHucq15BJfWfRrjBpT7i3n6qlpolGnNLJnexMiZYrhK+tWvSDUTK1KRRQVw==
  dependencies:
    "@aws-sdk/protocol-http" "3.0.0"
    tslib "^1.8.0"

"@aws-sdk/middleware-logger@3.0.0":
  version "3.0.0"
  resolved "https://registry.yarnpkg.com/@aws-sdk/middleware-logger/-/middleware-logger-3.0.0.tgz#40a89bb49d4eeea698b10fad88d7882b370dc2e0"
  integrity sha512-RKXrwBuipom98prNE9bwv8k9tntvXc/YxJ1wgD8F4LgXCTO6X3xh7SYTQyC/Ih/kK0qUpW00uYPvLbu9tpmkeA==
  dependencies:
    tslib "^1.8.0"

"@aws-sdk/middleware-retry@3.0.0":
  version "3.0.0"
  resolved "https://registry.yarnpkg.com/@aws-sdk/middleware-retry/-/middleware-retry-3.0.0.tgz#0ebada6c4dddfe09c19164079bf7819a8bc7d209"
  integrity sha512-ZwqMYQcEi3kYjQiDgiBdmkyKuvami8hE6TbQvFT2/Kyelrf78rXpPD03tOyEJnsmo1ohHf0aYCavepg46kwuPw==
  dependencies:
    "@aws-sdk/protocol-http" "3.0.0"
    "@aws-sdk/service-error-classification" "3.0.0"
    react-native-get-random-values "^1.4.0"
    tslib "^1.8.0"
    uuid "^3.0.0"

"@aws-sdk/middleware-serde@3.0.0":
  version "3.0.0"
  resolved "https://registry.yarnpkg.com/@aws-sdk/middleware-serde/-/middleware-serde-3.0.0.tgz#b29d2e36974ce5f66a77cae3fde5757ce27f31ef"
  integrity sha512-QY11ZXOkOc59+xayTCXdZxqzrjtI3sT9IWBy6/LyylAN+y7xtuCwiCvXf+YkiYpBORI5ZNC4Mjwuy0Nf0rkoIg==
  dependencies:
    tslib "^1.8.0"

"@aws-sdk/middleware-signing@3.0.0":
  version "3.0.0"
  resolved "https://registry.yarnpkg.com/@aws-sdk/middleware-signing/-/middleware-signing-3.0.0.tgz#a8a91f3276c21fdd960459106ee4d37d00909908"
  integrity sha512-8lj42dCbGQkgx7EMienpXLTbko0U7TAsmpRIYT6w0wEjCq0O77cuQYJYacdu163adlZnw5gAzlSlR0OXNb/SGg==
  dependencies:
    "@aws-sdk/protocol-http" "3.0.0"
    "@aws-sdk/signature-v4" "3.0.0"
    tslib "^1.8.0"

"@aws-sdk/middleware-stack@3.0.0":
  version "3.0.0"
  resolved "https://registry.yarnpkg.com/@aws-sdk/middleware-stack/-/middleware-stack-3.0.0.tgz#b4dca2c5ba2dda59d3e28bd9f2469095a18e3bb1"
  integrity sha512-ULTe6G1bIk8OuK20lq+v5AOPjszRnfXt/pY4C3KxKLYOq/zn6CSOAKWbMM5QZEGV6y9T1ISWgFcdsnBoMBjRlw==
  dependencies:
    tslib "^1.8.0"

"@aws-sdk/middleware-user-agent@3.0.0":
  version "3.0.0"
  resolved "https://registry.yarnpkg.com/@aws-sdk/middleware-user-agent/-/middleware-user-agent-3.0.0.tgz#654d06b750ef9a6d57f2a9f8acb17108bba55388"
  integrity sha512-x7YE5JtILf6Q8paizfnwHvypXY5nXGT1akPUQk2L65mL+Hnc6DbTLjkRsPZ8yRHcs86fWaNescflXQ4itttK9Q==
  dependencies:
    "@aws-sdk/protocol-http" "3.0.0"
    tslib "^1.8.0"

"@aws-sdk/node-config-provider@3.0.0":
  version "3.0.0"
  resolved "https://registry.yarnpkg.com/@aws-sdk/node-config-provider/-/node-config-provider-3.0.0.tgz#2b7b610f7c70cb26302873bc86efb4b54206fe55"
  integrity sha512-UD3W0djDC6z6mNbu0JI54pujzowWU+9y9yvLJDfNeUwBd5rnOQfLqaE9z6UGBtdKZbieH18wWrCK10JF7cr6uQ==
  dependencies:
    "@aws-sdk/property-provider" "3.0.0"
    "@aws-sdk/shared-ini-file-loader" "3.0.0"
    tslib "^1.8.0"

"@aws-sdk/node-http-handler@3.0.0":
  version "3.0.0"
  resolved "https://registry.yarnpkg.com/@aws-sdk/node-http-handler/-/node-http-handler-3.0.0.tgz#23c52784b48d455c0e05069fe67180530103168a"
  integrity sha512-KlrW45M/MQEu+ZsDEqrrHI1lLnURLdHtC8yYoLF5XuBGRfpm35KaNZBqht8x+sVfZUJq9qfHhhoe+rLrqNXe5g==
  dependencies:
    "@aws-sdk/abort-controller" "3.0.0"
    "@aws-sdk/protocol-http" "3.0.0"
    "@aws-sdk/querystring-builder" "3.0.0"
    tslib "^1.8.0"

"@aws-sdk/property-provider@3.0.0":
  version "3.0.0"
  resolved "https://registry.yarnpkg.com/@aws-sdk/property-provider/-/property-provider-3.0.0.tgz#787b8aa832eaba359617e7f8e7f8b6d2fb4e919c"
  integrity sha512-XgTXGTjHkzpU/YlscY/DCstfrdv3xd+qE4kbKmIj1dEVn7Y4mbIju6h0wSATajW1kOdaXiq3gS/RbqIBOpgdiA==
  dependencies:
    tslib "^1.8.0"

"@aws-sdk/protocol-http@3.0.0":
  version "3.0.0"
  resolved "https://registry.yarnpkg.com/@aws-sdk/protocol-http/-/protocol-http-3.0.0.tgz#98f0900684106b0cd600622d8f48279187f5e64f"
  integrity sha512-fqSdd0Euv5ETc8C2qp0sCoC0YFNRvyBWbizl3zFWUr/pAW7KIMiSPByO3fdelJMYvQsQ093+AI3tGSl4qFvVZw==
  dependencies:
    tslib "^1.8.0"

"@aws-sdk/querystring-builder@3.0.0":
  version "3.0.0"
  resolved "https://registry.yarnpkg.com/@aws-sdk/querystring-builder/-/querystring-builder-3.0.0.tgz#293c32f6828f8167cfdc022b1dc9b400217ca271"
  integrity sha512-qPm+1vRCRQOqxBvBx/moecyNKLxoQnNVawSG6jrVU5RRNebFeJd/Xh1+Me1c+feWx9YeR0+sAq4ELewDCZOy0Q==
  dependencies:
    "@aws-sdk/util-uri-escape" "3.0.0"
    tslib "^1.8.0"

"@aws-sdk/querystring-parser@3.0.0":
  version "3.0.0"
  resolved "https://registry.yarnpkg.com/@aws-sdk/querystring-parser/-/querystring-parser-3.0.0.tgz#0be6cd9dd8ebaf544234d3ee9215c0e4eac70da6"
  integrity sha512-uZFw1V57rebnGobE5fyBaGn72bulDQHpZgEBX/l9PBs7z2wBogaz9hsqxn0h5+hWbnyNE2odoFGtk3ZdHm9VnQ==
  dependencies:
    tslib "^1.8.0"

"@aws-sdk/service-error-classification@3.0.0":
  version "3.0.0"
  resolved "https://registry.yarnpkg.com/@aws-sdk/service-error-classification/-/service-error-classification-3.0.0.tgz#86f257bcd6687ed4d32abbda5f9efb20c668fcc1"
  integrity sha512-Pw73nb1E195S8GaIHH+69ITYB7KVo5I6UrrlwZNfSqtB30A5Tj5K/p5HKjJZln9Th3+ESfkf4ajg+j7KkJ/0dw==

"@aws-sdk/shared-ini-file-loader@3.0.0":
  version "3.0.0"
  resolved "https://registry.yarnpkg.com/@aws-sdk/shared-ini-file-loader/-/shared-ini-file-loader-3.0.0.tgz#5248442a4f0e2c350367161b414c4223e2d323cd"
  integrity sha512-zcuyi3O1vaeKDIHVljGY3v6xAwZrz54EnjQWIc37OyXXY611NmqPMrW5IoG3VCXLwZSTxGuqjWX5IhHRt6xOtw==
  dependencies:
    tslib "^1.8.0"

"@aws-sdk/signature-v4@3.0.0":
  version "3.0.0"
  resolved "https://registry.yarnpkg.com/@aws-sdk/signature-v4/-/signature-v4-3.0.0.tgz#858e12a5872cd30674edd22b4d909ea3f804c021"
  integrity sha512-ocstLMrDP2BO0znDHaboAYQB6PosEUWbr07c3IUmV5Vij8Xc/cODQusVSmKdLvEE4qwMaK/yZ4n9sSe8uuZqqg==
  dependencies:
    "@aws-sdk/is-array-buffer" "3.0.0"
    "@aws-sdk/util-hex-encoding" "3.0.0"
    "@aws-sdk/util-uri-escape" "3.0.0"
    tslib "^1.8.0"

"@aws-sdk/smithy-client@3.0.0":
  version "3.0.0"
  resolved "https://registry.yarnpkg.com/@aws-sdk/smithy-client/-/smithy-client-3.0.0.tgz#7c0f85bbc8916be8ed7272b69a4a4148e6241265"
  integrity sha512-qT7v27KHNBh6nUH7rsk4EcRKJEahdD1eWUrR25fJ+vZQIDEe+reNKDIPalR60plrjvfrCiFkxL21pjq3KA1JVQ==
  dependencies:
    "@aws-sdk/middleware-stack" "3.0.0"
    tslib "^1.8.0"

"@aws-sdk/types@^3.1.0":
  version "3.973.8"
  resolved "https://registry.yarnpkg.com/@aws-sdk/types/-/types-3.973.8.tgz#7352cb74a5f8bae1218eee63e714cf94302911c5"
  integrity sha512-gjlAdtHMbtR9X5iIhVUvbVcy55KnznpC6bkDUWW9z915bi0ckdUr5cjf16Kp6xq0bP5HBD2xzgbL9F9Quv5vUw==
  dependencies:
    "@smithy/types" "^4.14.1"
    tslib "^2.6.2"

"@aws-sdk/url-parser-browser@3.0.0":
  version "3.0.0"
  resolved "https://registry.yarnpkg.com/@aws-sdk/url-parser-browser/-/url-parser-browser-3.0.0.tgz#4f23c99077426748c96002d9bc2399288dcd1a05"
  integrity sha512-Y2GLy/G+AT5FnAU96BOT2GGqRCX9ZzokZucfPwFiPc6Y7GGqJqt4wSmPkg5hj6EKiPYBIEjZzqoS+0Q2RkqmpQ==
  dependencies:
    "@aws-sdk/querystring-parser" "3.0.0"
    tslib "^1.8.0"

"@aws-sdk/url-parser-node@3.0.0":
  version "3.0.0"
  resolved "https://registry.yarnpkg.com/@aws-sdk/url-parser-node/-/url-parser-node-3.0.0.tgz#d87ab85f6eefc4a1c9cab445ba6274ce5ab9b1a2"
  integrity sha512-3alAzkuY+CmQt89Q608dQ+VDCSzEc/MlgU+4P3O3Dk0xQqUGxQz3sErhyoY0d77jTY6bVU8H7SFvcwFCdO0NCg==
  dependencies:
    "@aws-sdk/querystring-parser" "3.0.0"
    tslib "^1.8.0"
    url "^0.11.0"

"@aws-sdk/util-base64-browser@3.0.0":
  version "3.0.0"
  resolved "https://registry.yarnpkg.com/@aws-sdk/util-base64-browser/-/util-base64-browser-3.0.0.tgz#6387c074b8d8cb3a5183e5790f972c415111db11"
  integrity sha512-1jtiaXdo3skMFGYNPAo5r8ttimakvfelu1LyoMH0S4Pddxk3+YKr3h8jzbLJzfm9avp1ollJakLZmGkkiNJVJA==
  dependencies:
    tslib "^1.8.0"

"@aws-sdk/util-base64-node@3.0.0":
  version "3.0.0"
  resolved "https://registry.yarnpkg.com/@aws-sdk/util-base64-node/-/util-base64-node-3.0.0.tgz#264b3cc6cef4ccd75c0d1157ac6647f0b1c4d506"
  integrity sha512-PgV179JbcAm+rTe02/F4YbhD9eTdZrx+PCyiDb6vX18MmY0pydsdXSmQZ9KbWbaj6Ony5bcLLtPEdalf6vu3Zw==
  dependencies:
    "@aws-sdk/util-buffer-from" "3.0.0"
    tslib "^1.8.0"

"@aws-sdk/util-body-length-browser@3.0.0":
  version "3.0.0"
  resolved "https://registry.yarnpkg.com/@aws-sdk/util-body-length-browser/-/util-body-length-browser-3.0.0.tgz#e8107e01d5e9399d55b3d77295a6af7312591a2f"
  integrity sha512-NV3vBGKa5k3bEzXlrSI444F/JZRfWtGRZl/D+Ve5KdseRv7KJbV3L8M62zswAmyxMYku1RyRENEZ1VnjNff5yg==
  dependencies:
    tslib "^1.8.0"

"@aws-sdk/util-body-length-node@3.0.0":
  version "3.0.0"
  resolved "https://registry.yarnpkg.com/@aws-sdk/util-body-length-node/-/util-body-length-node-3.0.0.tgz#872583804d3a47f8fada7fb8be78afe6bd76d3d3"
  integrity sha512-zt9Jivz3rkeWOUkZFClXzHcX6tcPbTaYzKSZOMwi0H0IlhSM/yllDjLuj12VlBG9f9BarxGA1Mj1RAK2CvzsSA==
  dependencies:
    tslib "^1.8.0"

"@aws-sdk/util-buffer-from@3.0.0":
  version "3.0.0"
  resolved "https://registry.yarnpkg.com/@aws-sdk/util-buffer-from/-/util-buffer-from-3.0.0.tgz#11fbfee598d1ea88ba8222a2c9aa41c319b95762"
  integrity sha512-Z/tU7/O0G2lYImMvAchCrPk2L8OmIs2pHi58kXEtHk/hxZXT1sJIZLErd3OFYaDFLaqOeEkebWB+jseBXJLv3Q==
  dependencies:
    "@aws-sdk/is-array-buffer" "3.0.0"
    tslib "^1.8.0"

"@aws-sdk/util-hex-encoding@3.0.0":
  version "3.0.0"
  resolved "https://registry.yarnpkg.com/@aws-sdk/util-hex-encoding/-/util-hex-encoding-3.0.0.tgz#214388f9b3b5809c239dd2d378a72c2725a93ac7"
  integrity sha512-bYWnM1I9vv1IhrCrcp6cEjqkJUAeheFFFUSM/VANMN8AgXzdjMeR8JNejnSB8Lw3Oi9LZ+uHV+cXHanW55qymw==
  dependencies:
    tslib "^1.8.0"

"@aws-sdk/util-locate-window@^3.0.0":
  version "3.965.5"
  resolved "https://registry.yarnpkg.com/@aws-sdk/util-locate-window/-/util-locate-window-3.965.5.tgz#e30e6ff2aff6436209ed42c765dec2d2a48df7c0"
  integrity sha512-WhlJNNINQB+9qtLtZJcpQdgZw3SCDCpXdUJP7cToGwHbCWCnRckGlc6Bx/OhWwIYFNAn+FIydY8SZ0QmVu3xTQ==
  dependencies:
    tslib "^2.6.2"

"@aws-sdk/util-uri-escape@3.0.0":
  version "3.0.0"
  resolved "https://registry.yarnpkg.com/@aws-sdk/util-uri-escape/-/util-uri-escape-3.0.0.tgz#90cbcdc7502e3be4df8afc86a9800914b403d3b8"
  integrity sha512-xl4ALVX/YbmFxg6NvmLv/TsPMxcizrmXvl0x79JhSRYU2cyvhgh2EuMrUzcitixgsYtdGqihWe3tj9Z8zXDRSg==
  dependencies:
    tslib "^1.8.0"

"@aws-sdk/util-user-agent-browser@3.0.0":
  version "3.0.0"
  resolved "https://registry.yarnpkg.com/@aws-sdk/util-user-agent-browser/-/util-user-agent-browser-3.0.0.tgz#74797fe21056aae72add7c42b777d0eea8ac779c"
  integrity sha512-ivveMLf7Op2b022buy3Uwy/ctEQyAGWjK/TgnYX4Hv8uvJREJURIXSeAvohT/dlhy54Mhd40nlr3eJY35BTpSw==
  dependencies:
    tslib "^1.8.0"

"@aws-sdk/util-user-agent-node@3.0.0":
  version "3.0.0"
  resolved "https://registry.yarnpkg.com/@aws-sdk/util-user-agent-node/-/util-user-agent-node-3.0.0.tgz#a703f4d8c145aa147cc7619354b9914fc860f528"
  integrity sha512-tUjVOgidkbuUK+XSloYTX7P/dbpGdvYHKOmKAGp72fRikfLxGazJcNS7wJ5RalVErIoH5/C6e6EJI8azKubpHg==
  dependencies:
    tslib "^1.8.0"

"@aws-sdk/util-utf8-browser@3.0.0":
  version "3.0.0"
  resolved "https://registry.yarnpkg.com/@aws-sdk/util-utf8-browser/-/util-utf8-browser-3.0.0.tgz#bdfa86b82f2ec8336065f7bb8057e276ee669ae5"
  integrity sha512-7vTn2KFOjUter7wwCjyQ+iJWvREOI8WAYyXSbD222dkY3VB/DAYFtMDErc4Sh4Onu2WPzdKJ6fnYwCpAxibHOQ==
  dependencies:
    tslib "^1.8.0"

"@aws-sdk/util-utf8-browser@^3.0.0":
  version "3.259.0"
  resolved "https://registry.yarnpkg.com/@aws-sdk/util-utf8-browser/-/util-utf8-browser-3.259.0.tgz#3275a6f5eb334f96ca76635b961d3c50259fd9ff"
  integrity sha512-UvFa/vR+e19XookZF8RzFZBrw2EUkQWxiBW0yYQAhvk3C+QVGl0H3ouca8LDBlBfQKXwmW3huo/59H8rwb1wJw==
  dependencies:
    tslib "^2.3.1"

"@aws-sdk/util-utf8-node@3.0.0":
  version "3.0.0"
  resolved "https://registry.yarnpkg.com/@aws-sdk/util-utf8-node/-/util-utf8-node-3.0.0.tgz#fd6f44247ee7d9241a22a4058596d71a15c38c71"
  integrity sha512-0pCFuWqABvv14dVTMQBWQh95CR2gCNQxu9aOOYr8GR37wqdgNvsSCzrmapydG4Q0FBNoTkqtx/7Nqdedb3+EXg==
  dependencies:
    "@aws-sdk/util-buffer-from" "3.0.0"
    tslib "^1.8.0"

"@smithy/types@^4.14.1":
  version "4.14.1"
  resolved "https://registry.yarnpkg.com/@smithy/types/-/types-4.14.1.tgz#aba92b4cdb406f2a2b062e82f1e3728d809a7c23"
  integrity sha512-59b5HtSVrVR/eYNei3BUj3DCPKD/G7EtDDe7OEJE7i7FtQFugYo6MxbotS8mVJkLNVf8gYaAlEBwwtJ9HzhWSg==
  dependencies:
    tslib "^2.6.2"

call-bind-apply-helpers@^1.0.1, call-bind-apply-helpers@^1.0.2:
  version "1.0.2"
  resolved "https://registry.yarnpkg.com/call-bind-apply-helpers/-/call-bind-apply-helpers-1.0.2.tgz#4b5428c222be985d79c3d82657479dbe0b59b2d6"
  integrity sha512-Sp1ablJ0ivDkSzjcaJdxEunN5/XvksFJ2sMBFfq6x0ryhQV/2b/KwFe21cMpmHtPOSij8K99/wSfoEuTObmuMQ==
  dependencies:
    es-errors "^1.3.0"
    function-bind "^1.1.2"

call-bound@^1.0.2:
  version "1.0.4"
  resolved "https://registry.yarnpkg.com/call-bound/-/call-bound-1.0.4.tgz#238de935d2a2a692928c538c7ccfa91067fd062a"
  integrity sha512-+ys997U96po4Kx/ABpBCqhA9EuxJaQWDQg7295H4hBphv3IZg0boBKuwYpt4YXp6MZ5AmZQnU/tyMTlRpaSejg==
  dependencies:
    call-bind-apply-helpers "^1.0.2"
    get-intrinsic "^1.3.0"

dunder-proto@^1.0.1:
  version "1.0.1"
  resolved "https://registry.yarnpkg.com/dunder-proto/-/dunder-proto-1.0.1.tgz#d7ae667e1dc83482f8b70fd0f6eefc50da30f58a"
  integrity sha512-KIN/nDJBQRcXw0MLVhZE9iQHmG68qAVIBg9CqmUYjmQIhgij9U5MFvrqkUL5FbtyyzZuOeOt0zdeRe4UY7ct+A==
  dependencies:
    call-bind-apply-helpers "^1.0.1"
    es-errors "^1.3.0"
    gopd "^1.2.0"

es-define-property@^1.0.1:
  version "1.0.1"
  resolved "https://registry.yarnpkg.com/es-define-property/-/es-define-property-1.0.1.tgz#983eb2f9a6724e9303f61addf011c72e09e0b0fa"
  integrity sha512-e3nRfgfUZ4rNGL232gUgX06QNyyez04KdjFrF+LTRoOXmrOgFKDg4BCdsjW8EnT69eqdYGmRpJwiPVYNrCaW3g==

es-errors@^1.3.0:
  version "1.3.0"
  resolved "https://registry.yarnpkg.com/es-errors/-/es-errors-1.3.0.tgz#05f75a25dab98e4fb1dcd5e1472c0546d5057c8f"
  integrity sha512-Zf5H2Kxt2xjTvbJvP2ZWLEICxA6j+hAmMzIlypy4xcBg1vKVnx89Wy0GbS+kf5cwCVFFzdCFh2XSCFNULS6csw==

es-object-atoms@^1.0.0, es-object-atoms@^1.1.1:
  version "1.1.1"
  resolved "https://registry.yarnpkg.com/es-object-atoms/-/es-object-atoms-1.1.1.tgz#1c4f2c4837327597ce69d2ca190a7fdd172338c1"
  integrity sha512-FGgH2h8zKNim9ljj7dankFPcICIK9Cp5bm+c2gQSYePhpaG5+esrLODihIorn+Pe6FGJzWhXQotPv73jTaldXA==
  dependencies:
    es-errors "^1.3.0"

fast-base64-decode@^1.0.0:
  version "1.0.0"
  resolved "https://registry.yarnpkg.com/fast-base64-decode/-/fast-base64-decode-1.0.0.tgz#b434a0dd7d92b12b43f26819300d2dafb83ee418"
  integrity sha512-qwaScUgUGBYeDNRnbc/KyllVU88Jk1pRHPStuF/lO7B0/RTRLj7U0lkdTAutlBblY08rwZDff6tNU9cjv6j//Q==

function-bind@^1.1.2:
  version "1.1.2"
  resolved "https://registry.yarnpkg.com/function-bind/-/function-bind-1.1.2.tgz#2c02d864d97f3ea6c8830c464cbd11ab6eab7a1c"
  integrity sha512-7XHNxH7qX9xG5mIwxkhumTox/MIRNcOgDrxWsMt2pAr23WHp6MrRlN7FBSFpCpr+oVO0F744iUgR82nJMfG2SA==

get-intrinsic@^1.2.5, get-intrinsic@^1.3.0:
  version "1.3.0"
  resolved "https://registry.yarnpkg.com/get-intrinsic/-/get-intrinsic-1.3.0.tgz#743f0e3b6964a93a5491ed1bffaae054d7f98d01"
  integrity sha512-9fSjSaos/fRIVIp+xSJlE6lfwhES7LNtKaCBIamHsjr2na1BiABJPo0mOjjz8GJDURarmCPGqaiVg5mfjb98CQ==
  dependencies:
    call-bind-apply-helpers "^1.0.2"
    es-define-property "^1.0.1"
    es-errors "^1.3.0"
    es-object-atoms "^1.1.1"
    function-bind "^1.1.2"
    get-proto "^1.0.1"
    gopd "^1.2.0"
    has-symbols "^1.1.0"
    hasown "^2.0.2"
    math-intrinsics "^1.1.0"

get-proto@^1.0.1:
  version "1.0.1"
  resolved "https://registry.yarnpkg.com/get-proto/-/get-proto-1.0.1.tgz#150b3f2743869ef3e851ec0c49d15b1d14d00ee1"
  integrity sha512-sTSfBjoXBp89JvIKIefqw7U2CCebsc74kiY6awiGogKtoSGbgjYE/G/+l9sF3MWFPNc9IcoOC4ODfKHfxFmp0g==
  dependencies:
    dunder-proto "^1.0.1"
    es-object-atoms "^1.0.0"

gopd@^1.2.0:
  version "1.2.0"
  resolved "https://registry.yarnpkg.com/gopd/-/gopd-1.2.0.tgz#89f56b8217bdbc8802bd299df6d7f1081d7e51a1"
  integrity sha512-ZUKRh6/kUFoAiTAtTYPZJ3hw9wNxx+BIBOijnlG9PnrJsCcSjs1wyyD6vJpaYtgnzDrKYRSqf3OO6Rfa93xsRg==

has-symbols@^1.1.0:
  version "1.1.0"
  resolved "https://registry.yarnpkg.com/has-symbols/-/has-symbols-1.1.0.tgz#fc9c6a783a084951d0b971fe1018de813707a338"
  integrity sha512-1cDNdwJ2Jaohmb3sg4OmKaMBwuC48sYni5HUw2DvsC8LjGTLK9h+eb1X6RyuOHe4hT0ULCW68iomhjUoKUqlPQ==

hasown@^2.0.2:
  version "2.0.2"
  resolved "https://registry.yarnpkg.com/hasown/-/hasown-2.0.2.tgz#003eaf91be7adc372e84ec59dc37252cedb80003"
  integrity sha512-0hJU9SCPvmMzIBdZFqNPXWa6dqh7WdH0cII9y+CyS8rG3nL48Bclra9HmKhVVUHyPWNH5Y7xDwAB7bfgSjkUMQ==
  dependencies:
    function-bind "^1.1.2"

math-intrinsics@^1.1.0:
  version "1.1.0"
  resolved "https://registry.yarnpkg.com/math-intrinsics/-/math-intrinsics-1.1.0.tgz#a0dd74be81e2aa5c2f27e65ce283605ee4e2b7f9"
  integrity sha512-/IXtbwEk5HTPyEwyKX6hGkYXxM9nbj64B+ilVJnC/R6B0pH5G4V3b0pVbL7DBj4tkhBAppbQUlf6F6Xl9LHu1g==

object-inspect@^1.13.3, object-inspect@^1.13.4:
  version "1.13.4"
  resolved "https://registry.yarnpkg.com/object-inspect/-/object-inspect-1.13.4.tgz#8375265e21bc20d0fa582c22e1b13485d6e00213"
  integrity sha512-W67iLl4J2EXEGTbfeHCffrjDfitvLANg0UlX3wFUUSTx92KXRFegMHUVgSqE+wvhAbi4WqjGg9czysTV2Epbew==

punycode@^1.4.1:
  version "1.4.1"
  resolved "https://registry.yarnpkg.com/punycode/-/punycode-1.4.1.tgz#c0d5a63b2718800ad8e1eb0fa5269c84dd41845e"
  integrity sha512-jmYNElW7yvO7TV33CjSmvSiE2yco3bV2czu/OzDKdMNVZQWfxCblURLhf+47syQRBntjfLdd/H0egrzIG+oaFQ==

qs@^6.12.3:
  version "6.15.1"
  resolved "https://registry.yarnpkg.com/qs/-/qs-6.15.1.tgz#bdb55aed06bfac257a90c44a446a73fba5575c8f"
  integrity sha512-6YHEFRL9mfgcAvql/XhwTvf5jKcOiiupt2FiJxHkiX1z4j7WL8J/jRHYLluORvc1XxB5rV20KoeK00gVJamspg==
  dependencies:
    side-channel "^1.1.0"

react-native-get-random-values@^1.4.0:
  version "1.11.0"
  resolved "https://registry.yarnpkg.com/react-native-get-random-values/-/react-native-get-random-values-1.11.0.tgz#1ca70d1271f4b08af92958803b89dccbda78728d"
  integrity sha512-4BTbDbRmS7iPdhYLRcz3PGFIpFJBwNZg9g42iwa2P6FOv9vZj/xJc678RZXnLNZzd0qd7Q3CCF6Yd+CU2eoXKQ==
  dependencies:
    fast-base64-decode "^1.0.0"

side-channel-list@^1.0.0:
  version "1.0.1"
  resolved "https://registry.yarnpkg.com/side-channel-list/-/side-channel-list-1.0.1.tgz#c2e0b5a14a540aebee3bbc6c3f8666cc9b509127"
  integrity sha512-mjn/0bi/oUURjc5Xl7IaWi/OJJJumuoJFQJfDDyO46+hBWsfaVM65TBHq2eoZBhzl9EchxOijpkbRC8SVBQU0w==
  dependencies:
    es-errors "^1.3.0"
    object-inspect "^1.13.4"

side-channel-map@^1.0.1:
  version "1.0.1"
  resolved "https://registry.yarnpkg.com/side-channel-map/-/side-channel-map-1.0.1.tgz#d6bb6b37902c6fef5174e5f533fab4c732a26f42"
  integrity sha512-VCjCNfgMsby3tTdo02nbjtM/ewra6jPHmpThenkTYh8pG9ucZ/1P8So4u4FGBek/BjpOVsDCMoLA/iuBKIFXRA==
  dependencies:
    call-bound "^1.0.2"
    es-errors "^1.3.0"
    get-intrinsic "^1.2.5"
    object-inspect "^1.13.3"

side-channel-weakmap@^1.0.2:
  version "1.0.2"
  resolved "https://registry.yarnpkg.com/side-channel-weakmap/-/side-channel-weakmap-1.0.2.tgz#11dda19d5368e40ce9ec2bdc1fb0ecbc0790ecea"
  integrity sha512-WPS/HvHQTYnHisLo9McqBHOJk2FkHO/tlpvldyrnem4aeQp4hai3gythswg6p01oSoTl58rcpiFAjF2br2Ak2A==
  dependencies:
    call-bound "^1.0.2"
    es-errors "^1.3.0"
    get-intrinsic "^1.2.5"
    object-inspect "^1.13.3"
    side-channel-map "^1.0.1"

side-channel@^1.1.0:
  version "1.1.0"
  resolved "https://registry.yarnpkg.com/side-channel/-/side-channel-1.1.0.tgz#c3fcff9c4da932784873335ec9765fa94ff66bc9"
  integrity sha512-ZX99e6tRweoUXqR+VBrslhda51Nh5MTQwou5tnUDgbtyM0dBgmhEDtWGP/xbKn6hqfPRHujUNwz5fy/wbbhnpw==
  dependencies:
    es-errors "^1.3.0"
    object-inspect "^1.13.3"
    side-channel-list "^1.0.0"
    side-channel-map "^1.0.1"
    side-channel-weakmap "^1.0.2"

tslib@^1.11.1, tslib@^1.8.0:
  version "1.14.1"
  resolved "https://registry.yarnpkg.com/tslib/-/tslib-1.14.1.tgz#cf2d38bdc34a134bcaf1091c41f6619e2f672d00"
  integrity sha512-Xni35NKzjgMrwevysHTCArtLDpPvye8zV/0E4EyYn43P7/7qvQwPh9BGkHewbMulVntbigmcT7rdX3BNo9wRJg==

tslib@^2.0.0, tslib@^2.3.1, tslib@^2.6.2:
  version "2.8.1"
  resolved "https://registry.yarnpkg.com/tslib/-/tslib-2.8.1.tgz#612efe4ed235d567e8aba5f2a5fab70280ade83f"
  integrity sha512-oJFu94HQb+KVduSUQL7wnpmqnfmLsOA/nAh6b6EH0wCEoK0/mPeXU6c3wKDV83MkOuHPRHtSXKKU99IBazS/2w==

url@^0.11.0:
  version "0.11.4"
  resolved "https://registry.yarnpkg.com/url/-/url-0.11.4.tgz#adca77b3562d56b72746e76b330b7f27b6721f3c"
  integrity sha512-oCwdVC7mTuWiPyjLUz/COz5TLk6wgp0RCsN+wHZ2Ekneac9w8uuV0njcbbie2ME+Vs+d6duwmYuR3HgQXs1fOg==
  dependencies:
    punycode "^1.4.1"
    qs "^6.12.3"

uuid@^3.0.0:
  version "3.4.0"
  resolved "https://registry.yarnpkg.com/uuid/-/uuid-3.4.0.tgz#b23e4358afa8a202fe7a100af1f5f883f02007ee"
  integrity sha512-HjSDRw6gZE5JMggctHBcjVak08+KEVhSIiDzFnT9S9aegmp85S/bReBVTb4QTFaRNptJ9kuYaNhnbNEOkbKb/A==
