{
  "name": "@weco/content",
  "version": "1.0.0",
  "lockfileVersion": 1,
  "requires": true,
  "dependencies": {
    "reading-time-estimator": {
      "version": "1.7.0",
      "resolved": "https://registry.npmjs.org/reading-time-estimator/-/reading-time-estimator-1.7.0.tgz",
      "integrity": "sha512-mE2eB3Coy2LQ/BMT1TdhinO7QABqIv/MapkKAE7ahUWmZcYUSB/dKbHV/9b/jnR9Yvqa2UPfqIvCQFvAzcrdzg=="
    }
  }
}
