{
  "name": "@weco/common",
  "version": "1.0.0",
  "lockfileVersion": 1,
  "requires": true,
  "dependencies": {
    "reading-time": {
      "version": "1.5.0",
      "resolved": "https://registry.npmjs.org/reading-time/-/reading-time-1.5.0.tgz",
      "integrity": "sha512-onYyVhBNr4CmAxFsKS7bz+uTLRakypIe4R+5A824vBSkQy/hB3fZepoVEf8OVAxzLvK+H/jm9TzpI3ETSm64Kg=="
    }
  }
}
